
Microsoft Visual Studio Solution File, Format Version 12.00
# Visual Studio Version 16
VisualStudioVersion = 16.0.31702.278
MinimumVisualStudioVersion = 10.0.40219.1
Project("{9A19103F-16F7-4668-BE54-9A1E7A4F7556}") = "лб1", "лб1\лб1.csproj", "{5D6FB36D-4858-4F58-A6E7-42F60C3D12BC}"
EndProject
Project("{9A19103F-16F7-4668-BE54-9A1E7A4F7556}") = "лб2", "лб2\лб2.csproj", "{7873F870-2141-43A5-B284-6A32D0B06517}"
EndProject
Project("{9A19103F-16F7-4668-BE54-9A1E7A4F7556}") = "лб3", "лб3\лб3.csproj", "{9130B0B1-94B9-4538-AE23-F96BA0E928BB}"
EndProject
Project("{9A19103F-16F7-4668-BE54-9A1E7A4F7556}") = "лб4", "лб4\лб4.csproj", "{5174A3B0-B008-4EA8-A10D-7267C265F2A6}"
EndProject
Project("{9A19103F-16F7-4668-BE54-9A1E7A4F7556}") = "лб5", "лб5\лб5.csproj", "{E5588C2B-5D2C-456F-A6BB-259C2413F3B6}"
EndProject
Project("{9A19103F-16F7-4668-BE54-9A1E7A4F7556}") = "лб6", "лб6\лб6.csproj", "{7BA9FD61-F96C-4EF5-BF6E-E97F7B8631F5}"
EndProject
Project("{9A19103F-16F7-4668-BE54-9A1E7A4F7556}") = "лб7", "лб7\лб7.csproj", "{EEDB02CB-5389-40DD-AEC6-BC5FC29780DD}"
EndProject
Project("{FAE04EC0-301F-11D3-BF4B-00C04F79EFBC}") = "лб8", "лб8\лб8.csproj", "{3B3B0C2F-4F95-4D3A-ACE3-EA50B61362E5}"
EndProject
Project("{FAE04EC0-301F-11D3-BF4B-00C04F79EFBC}") = "лб8.1", "лб8.1\лб8.1.csproj", "{A894D16E-C049-4934-9259-A4E448FE2D56}"
EndProject
Project("{FAE04EC0-301F-11D3-BF4B-00C04F79EFBC}") = "лб9.1", "лб9.1\лб9.1.csproj", "{7CD42532-93D1-442B-859A-CD51E30A1B2B}"
EndProject
Project("{FAE04EC0-301F-11D3-BF4B-00C04F79EFBC}") = "лб9.2", "лб9.2\лб9.2.csproj", "{73AF4C66-C0A5-4601-A4BD-38D14155968B}"
EndProject
Project("{FAE04EC0-301F-11D3-BF4B-00C04F79EFBC}") = "лб9.3", "лб9.3\лб9.3.csproj", "{88ABC113-C796-419D-AC08-FD5CEDF40BF5}"
EndProject
Global
	GlobalSection(SolutionConfigurationPlatforms) = preSolution
		Debug|Any CPU = Debug|Any CPU
		Release|Any CPU = Release|Any CPU
	EndGlobalSection
	GlobalSection(ProjectConfigurationPlatforms) = postSolution
		{5D6FB36D-4858-4F58-A6E7-42F60C3D12BC}.Debug|Any CPU.ActiveCfg = Debug|Any CPU
		{5D6FB36D-4858-4F58-A6E7-42F60C3D12BC}.Debug|Any CPU.Build.0 = Debug|Any CPU
		{5D6FB36D-4858-4F58-A6E7-42F60C3D12BC}.Release|Any CPU.ActiveCfg = Release|Any CPU
		{5D6FB36D-4858-4F58-A6E7-42F60C3D12BC}.Release|Any CPU.Build.0 = Release|Any CPU
		{7873F870-2141-43A5-B284-6A32D0B06517}.Debug|Any CPU.ActiveCfg = Debug|Any CPU
		{7873F870-2141-43A5-B284-6A32D0B06517}.Debug|Any CPU.Build.0 = Debug|Any CPU
		{7873F870-2141-43A5-B284-6A32D0B06517}.Release|Any CPU.ActiveCfg = Release|Any CPU
		{7873F870-2141-43A5-B284-6A32D0B06517}.Release|Any CPU.Build.0 = Release|Any CPU
		{9130B0B1-94B9-4538-AE23-F96BA0E928BB}.Debug|Any CPU.ActiveCfg = Debug|Any CPU
		{9130B0B1-94B9-4538-AE23-F96BA0E928BB}.Debug|Any CPU.Build.0 = Debug|Any CPU
		{9130B0B1-94B9-4538-AE23-F96BA0E928BB}.Release|Any CPU.ActiveCfg = Release|Any CPU
		{9130B0B1-94B9-4538-AE23-F96BA0E928BB}.Release|Any CPU.Build.0 = Release|Any CPU
		{5174A3B0-B008-4EA8-A10D-7267C265F2A6}.Debug|Any CPU.ActiveCfg = Debug|Any CPU
		{5174A3B0-B008-4EA8-A10D-7267C265F2A6}.Debug|Any CPU.Build.0 = Debug|Any CPU
		{5174A3B0-B008-4EA8-A10D-7267C265F2A6}.Release|Any CPU.ActiveCfg = Release|Any CPU
		{5174A3B0-B008-4EA8-A10D-7267C265F2A6}.Release|Any CPU.Build.0 = Release|Any CPU
		{E5588C2B-5D2C-456F-A6BB-259C2413F3B6}.Debug|Any CPU.ActiveCfg = Debug|Any CPU
		{E5588C2B-5D2C-456F-A6BB-259C2413F3B6}.Debug|Any CPU.Build.0 = Debug|Any CPU
		{E5588C2B-5D2C-456F-A6BB-259C2413F3B6}.Release|Any CPU.ActiveCfg = Release|Any CPU
		{E5588C2B-5D2C-456F-A6BB-259C2413F3B6}.Release|Any CPU.Build.0 = Release|Any CPU
		{7BA9FD61-F96C-4EF5-BF6E-E97F7B8631F5}.Debug|Any CPU.ActiveCfg = Debug|Any CPU
		{7BA9FD61-F96C-4EF5-BF6E-E97F7B8631F5}.Debug|Any CPU.Build.0 = Debug|Any CPU
		{7BA9FD61-F96C-4EF5-BF6E-E97F7B8631F5}.Release|Any CPU.ActiveCfg = Release|Any CPU
		{7BA9FD61-F96C-4EF5-BF6E-E97F7B8631F5}.Release|Any CPU.Build.0 = Release|Any CPU
		{EEDB02CB-5389-40DD-AEC6-BC5FC29780DD}.Debug|Any CPU.ActiveCfg = Debug|Any CPU
		{EEDB02CB-5389-40DD-AEC6-BC5FC29780DD}.Debug|Any CPU.Build.0 = Debug|Any CPU
		{EEDB02CB-5389-40DD-AEC6-BC5FC29780DD}.Release|Any CPU.ActiveCfg = Release|Any CPU
		{EEDB02CB-5389-40DD-AEC6-BC5FC29780DD}.Release|Any CPU.Build.0 = Release|Any CPU
		{3B3B0C2F-4F95-4D3A-ACE3-EA50B61362E5}.Debug|Any CPU.ActiveCfg = Debug|Any CPU
		{3B3B0C2F-4F95-4D3A-ACE3-EA50B61362E5}.Debug|Any CPU.Build.0 = Debug|Any CPU
		{3B3B0C2F-4F95-4D3A-ACE3-EA50B61362E5}.Release|Any CPU.ActiveCfg = Release|Any CPU
		{3B3B0C2F-4F95-4D3A-ACE3-EA50B61362E5}.Release|Any CPU.Build.0 = Release|Any CPU
		{A894D16E-C049-4934-9259-A4E448FE2D56}.Debug|Any CPU.ActiveCfg = Debug|Any CPU
		{A894D16E-C049-4934-9259-A4E448FE2D56}.Debug|Any CPU.Build.0 = Debug|Any CPU
		{A894D16E-C049-4934-9259-A4E448FE2D56}.Release|Any CPU.ActiveCfg = Release|Any CPU
		{A894D16E-C049-4934-9259-A4E448FE2D56}.Release|Any CPU.Build.0 = Release|Any CPU
		{7CD42532-93D1-442B-859A-CD51E30A1B2B}.Debug|Any CPU.ActiveCfg = Debug|Any CPU
		{7CD42532-93D1-442B-859A-CD51E30A1B2B}.Debug|Any CPU.Build.0 = Debug|Any CPU
		{7CD42532-93D1-442B-859A-CD51E30A1B2B}.Release|Any CPU.ActiveCfg = Release|Any CPU
		{7CD42532-93D1-442B-859A-CD51E30A1B2B}.Release|Any CPU.Build.0 = Release|Any CPU
		{73AF4C66-C0A5-4601-A4BD-38D14155968B}.Debug|Any CPU.ActiveCfg = Debug|Any CPU
		{73AF4C66-C0A5-4601-A4BD-38D14155968B}.Debug|Any CPU.Build.0 = Debug|Any CPU
		{73AF4C66-C0A5-4601-A4BD-38D14155968B}.Release|Any CPU.ActiveCfg = Release|Any CPU
		{73AF4C66-C0A5-4601-A4BD-38D14155968B}.Release|Any CPU.Build.0 = Release|Any CPU
		{88ABC113-C796-419D-AC08-FD5CEDF40BF5}.Debug|Any CPU.ActiveCfg = Debug|Any CPU
		{88ABC113-C796-419D-AC08-FD5CEDF40BF5}.Debug|Any CPU.Build.0 = Debug|Any CPU
		{88ABC113-C796-419D-AC08-FD5CEDF40BF5}.Release|Any CPU.ActiveCfg = Release|Any CPU
		{88ABC113-C796-419D-AC08-FD5CEDF40BF5}.Release|Any CPU.Build.0 = Release|Any CPU
	EndGlobalSection
	GlobalSection(SolutionProperties) = preSolution
		HideSolutionNode = FALSE
	EndGlobalSection
	GlobalSection(ExtensibilityGlobals) = postSolution
		SolutionGuid = {24E49BCB-78DF-412F-8290-ABAA70115CAD}
	EndGlobalSection
EndGlobal
